
Microsoft Visual Studio Solution File, Format Version 12.00
# Visual Studio Version 16
VisualStudioVersion = 16.0.30717.126
MinimumVisualStudioVersion = 10.0.40219.1
Project("{FAE04EC0-301F-11D3-BF4B-00C04F79EFBC}") = "GameServer", "GameServer\GameServer.csproj", "{36E36CE3-D384-43FA-BEC2-BBEA8C3FD2BE}"
EndProject
Global
	GlobalSection(SolutionConfigurationPlatforms) = preSolution
		Debug|Any CPU = Debug|Any CPU
		Release|Any CPU = Release|Any CPU
	EndGlobalSection
	GlobalSection(ProjectConfigurationPlatforms) = postSolution
		{36E36CE3-D384-43FA-BEC2-BBEA8C3FD2BE}.Debug|Any CPU.ActiveCfg = Debug|Any CPU
		{36E36CE3-D384-43FA-BEC2-BBEA8C3FD2BE}.Debug|Any CPU.Build.0 = Debug|Any CPU
		{36E36CE3-D384-43FA-BEC2-BBEA8C3FD2BE}.Release|Any CPU.ActiveCfg = Release|Any CPU
		{36E36CE3-D384-43FA-BEC2-BBEA8C3FD2BE}.Release|Any CPU.Build.0 = Release|Any CPU
	EndGlobalSection
	GlobalSection(SolutionProperties) = preSolution
		HideSolutionNode = FALSE
	EndGlobalSection
	GlobalSection(ExtensibilityGlobals) = postSolution
		SolutionGuid = {4E11EFE6-C469-4A3A-8098-8F9F6F030596}
	EndGlobalSection
EndGlobal
